
Microsoft Visual Studio Solution File, Format Version 9.00
# Visual Studio 2005
Project("{8BC9CEB8-8B4A-11D0-8D11-00A0C91BC942}") = "gas2masm", "gas2masm\gas2masm.vcproj", "{4F6A0F6A-6F01-4DB7-8002-C5CC7260B648}"
EndProject
Project("{8BC9CEB8-8B4A-11D0-8D11-00A0C91BC942}") = "qwcl", "qwcl.vcproj", "{958E4735-5B85-4569-9634-816409E989DC}"
	ProjectSection(ProjectDependencies) = postProject
		{4F6A0F6A-6F01-4DB7-8002-C5CC7260B648} = {4F6A0F6A-6F01-4DB7-8002-C5CC7260B648}
	EndProjectSection
EndProject
Global
	GlobalSection(SolutionConfigurationPlatforms) = preSolution
		Debug|Win32 = Debug|Win32
		Release|Win32 = Release|Win32
	EndGlobalSection
	GlobalSection(ProjectConfigurationPlatforms) = postSolution
		{4F6A0F6A-6F01-4DB7-8002-C5CC7260B648}.Debug|Win32.ActiveCfg = Debug|Win32
		{4F6A0F6A-6F01-4DB7-8002-C5CC7260B648}.Debug|Win32.Build.0 = Debug|Win32
		{4F6A0F6A-6F01-4DB7-8002-C5CC7260B648}.Release|Win32.ActiveCfg = Release|Win32
		{4F6A0F6A-6F01-4DB7-8002-C5CC7260B648}.Release|Win32.Build.0 = Release|Win32
		{958E4735-5B85-4569-9634-816409E989DC}.Debug|Win32.ActiveCfg = Debug|Win32
		{958E4735-5B85-4569-9634-816409E989DC}.Debug|Win32.Build.0 = Debug|Win32
		{958E4735-5B85-4569-9634-816409E989DC}.Release|Win32.ActiveCfg = Release|Win32
		{958E4735-5B85-4569-9634-816409E989DC}.Release|Win32.Build.0 = Release|Win32
	EndGlobalSection
	GlobalSection(SolutionProperties) = preSolution
		HideSolutionNode = FALSE
	EndGlobalSection
EndGlobal
